
Microsoft Visual Studio Solution File, Format Version 12.00
Project("{FAE04EC0-301F-11D3-BF4B-00C04F79EFBC}") = "contractFunds", "contractFunds\contractFunds.csproj", "{9C2E79C8-65B7-47F0-A883-E6AB417CD284}"
EndProject
Global
	GlobalSection(SolutionConfigurationPlatforms) = preSolution
		Debug|Any CPU = Debug|Any CPU
		Release|Any CPU = Release|Any CPU
	EndGlobalSection
	GlobalSection(ProjectConfigurationPlatforms) = postSolution
		{9C2E79C8-65B7-47F0-A883-E6AB417CD284}.Debug|Any CPU.ActiveCfg = Debug|Any CPU
		{9C2E79C8-65B7-47F0-A883-E6AB417CD284}.Debug|Any CPU.Build.0 = Debug|Any CPU
		{9C2E79C8-65B7-47F0-A883-E6AB417CD284}.Release|Any CPU.ActiveCfg = Release|Any CPU
		{9C2E79C8-65B7-47F0-A883-E6AB417CD284}.Release|Any CPU.Build.0 = Release|Any CPU
	EndGlobalSection
EndGlobal
